
Microsoft Visual Studio Solution File, Format Version 12.00
# Visual Studio 2013
VisualStudioVersion = 12.0.30501.0
MinimumVisualStudioVersion = 10.0.40219.1
Project("{2150E333-8FDC-42A3-9474-1A3956D46DE8}") = "TheLanguage", "TheLanguage", "{BA6245BE-DC7A-407E-BC04-419E1A78DA92}"
EndProject
Project("{2150E333-8FDC-42A3-9474-1A3956D46DE8}") = "TypeProviders", "TypeProviders", "{5B443552-A304-48A3-B718-EA7D66492582}"
EndProject
Project("{2150E333-8FDC-42A3-9474-1A3956D46DE8}") = "TheExperience", "TheExperience", "{AEFA7347-E7BC-4E1E-B293-B7678A71B67D}"
EndProject
Project("{F2A71F9B-5D33-465A-A702-920D77279786}") = "ChickenSoftware.BugFreeCode.FS", "Tff.BugFreeCode.FS\ChickenSoftware.BugFreeCode.FS.fsproj", "{0200003B-CAB1-4481-B633-B020CAD42805}"
EndProject
Project("{FAE04EC0-301F-11D3-BF4B-00C04F79EFBC}") = "ChickenSoftware.BugFreeCode.CS", "Tff.BugFreeCode.CS\ChickenSoftware.BugFreeCode.CS.csproj", "{DCCA0FA6-3330-4587-8446-A7BDCEEDD67F}"
EndProject
Project("{F2A71F9B-5D33-465A-A702-920D77279786}") = "ChickenSoftware.SqlProvider", "Tff.NorthwindProvider\ChickenSoftware.SqlProvider.fsproj", "{B77D7D8D-878D-4E56-87FF-30C5B5759B08}"
EndProject
Project("{F2A71F9B-5D33-465A-A702-920D77279786}") = "ChickenSoftware.SoapProvider", "Tff.WebServiceProvider\ChickenSoftware.SoapProvider.fsproj", "{72557696-0FAA-44A2-AB99-5EE81760FF4C}"
EndProject
Project("{F2A71F9B-5D33-465A-A702-920D77279786}") = "ChickenSoftware.WinForms", "Tff.WinForms\ChickenSoftware.WinForms.fsproj", "{15AEF2F5-D914-45BE-9DB5-71221227D065}"
EndProject
Project("{FAE04EC0-301F-11D3-BF4B-00C04F79EFBC}") = "ChickenSoftware.Ransom.CS", "Tff.Ransom.CS\ChickenSoftware.Ransom.CS.csproj", "{24DBCE97-22DF-44AF-AC83-6947F09D363B}"
EndProject
Project("{F2A71F9B-5D33-465A-A702-920D77279786}") = "ChickenSoftware.Ransom.FS", "Tff.Ransom.FS\ChickenSoftware.Ransom.FS.fsproj", "{A5BFD84D-3D5F-4A4C-907A-231FE9281DB8}"
EndProject
Project("{FAE04EC0-301F-11D3-BF4B-00C04F79EFBC}") = "ChickenSoftware.Ransom.UI", "Tff.Ransom.UI\ChickenSoftware.Ransom.UI.csproj", "{9A22DE1E-FAE7-413C-87D8-CA4FB0D9F4C6}"
EndProject
Project("{F184B08F-C81C-45F6-A57F-5ABD9991F28F}") = "ChickenSoftware.Ransom.VB", "Tff.Ransom.VB\ChickenSoftware.Ransom.VB.vbproj", "{A0DE8466-05AB-416A-A715-C436E48F0A4F}"
EndProject
Project("{FAE04EC0-301F-11D3-BF4B-00C04F79EFBC}") = "ChickenSoftware.VarianceCalculator.CS", "Tff.VarianceCalculator.CS\ChickenSoftware.VarianceCalculator.CS.csproj", "{253D6FD0-8D88-4997-83BE-29F4724C49F0}"
EndProject
Project("{F2A71F9B-5D33-465A-A702-920D77279786}") = "ChickenSoftware.VarianceCalculator.FS", "Tff.VarianceCalculator.FS\ChickenSoftware.VarianceCalculator.FS.fsproj", "{5B750BE4-F6AB-4169-A735-C70A296B507C}"
EndProject
Project("{FAE04EC0-301F-11D3-BF4B-00C04F79EFBC}") = "ChickenSoftware.EntityFrameworks", "ChickenSoftware.EntityFrameworks\ChickenSoftware.EntityFrameworks.csproj", "{1C12C28A-CDB5-4274-B9AC-EF27F0A5D7A9}"
EndProject
Project("{F2A71F9B-5D33-465A-A702-920D77279786}") = "ChickenSoftware.EntityFrameworkProvider", "ChickenSoftware.EntityFrameworkProvider\ChickenSoftware.EntityFrameworkProvider.fsproj", "{0514A9CD-8392-4DF9-8CF0-5A5E20DF17A1}"
EndProject
Project("{F2A71F9B-5D33-465A-A702-920D77279786}") = "ChickenSoftware.JsonProvider", "ChickenSoftware.JsonProvider\ChickenSoftware.JsonProvider.fsproj", "{26A1A7AB-99A9-4D29-91A2-E0169DEF75EB}"
EndProject
Project("{F2A71F9B-5D33-465A-A702-920D77279786}") = "ChickenSoftware.CsvProvider", "ChickenSoftware.CsvProvider\ChickenSoftware.CsvProvider.fsproj", "{198F3FE3-CB75-486A-9CD7-972F0C99CD76}"
EndProject
Project("{FAE04EC0-301F-11D3-BF4B-00C04F79EFBC}") = "ChickenSoftware.VarianceCalculator.Tests", "ChickenSoftware.VarianceCalculator.Tests\ChickenSoftware.VarianceCalculator.Tests.csproj", "{83AA75C2-08E5-45F3-B698-B2DC646DB218}"
EndProject
Global
	GlobalSection(SolutionConfigurationPlatforms) = preSolution
		Debug|Any CPU = Debug|Any CPU
		Release|Any CPU = Release|Any CPU
	EndGlobalSection
	GlobalSection(ProjectConfigurationPlatforms) = postSolution
		{0200003B-CAB1-4481-B633-B020CAD42805}.Debug|Any CPU.ActiveCfg = Debug|Any CPU
		{0200003B-CAB1-4481-B633-B020CAD42805}.Debug|Any CPU.Build.0 = Debug|Any CPU
		{0200003B-CAB1-4481-B633-B020CAD42805}.Release|Any CPU.ActiveCfg = Release|Any CPU
		{0200003B-CAB1-4481-B633-B020CAD42805}.Release|Any CPU.Build.0 = Release|Any CPU
		{DCCA0FA6-3330-4587-8446-A7BDCEEDD67F}.Debug|Any CPU.ActiveCfg = Debug|Any CPU
		{DCCA0FA6-3330-4587-8446-A7BDCEEDD67F}.Debug|Any CPU.Build.0 = Debug|Any CPU
		{DCCA0FA6-3330-4587-8446-A7BDCEEDD67F}.Release|Any CPU.ActiveCfg = Release|Any CPU
		{DCCA0FA6-3330-4587-8446-A7BDCEEDD67F}.Release|Any CPU.Build.0 = Release|Any CPU
		{B77D7D8D-878D-4E56-87FF-30C5B5759B08}.Debug|Any CPU.ActiveCfg = Debug|Any CPU
		{B77D7D8D-878D-4E56-87FF-30C5B5759B08}.Debug|Any CPU.Build.0 = Debug|Any CPU
		{B77D7D8D-878D-4E56-87FF-30C5B5759B08}.Release|Any CPU.ActiveCfg = Release|Any CPU
		{B77D7D8D-878D-4E56-87FF-30C5B5759B08}.Release|Any CPU.Build.0 = Release|Any CPU
		{72557696-0FAA-44A2-AB99-5EE81760FF4C}.Debug|Any CPU.ActiveCfg = Debug|Any CPU
		{72557696-0FAA-44A2-AB99-5EE81760FF4C}.Debug|Any CPU.Build.0 = Debug|Any CPU
		{72557696-0FAA-44A2-AB99-5EE81760FF4C}.Release|Any CPU.ActiveCfg = Release|Any CPU
		{72557696-0FAA-44A2-AB99-5EE81760FF4C}.Release|Any CPU.Build.0 = Release|Any CPU
		{15AEF2F5-D914-45BE-9DB5-71221227D065}.Debug|Any CPU.ActiveCfg = Debug|Any CPU
		{15AEF2F5-D914-45BE-9DB5-71221227D065}.Debug|Any CPU.Build.0 = Debug|Any CPU
		{15AEF2F5-D914-45BE-9DB5-71221227D065}.Release|Any CPU.ActiveCfg = Release|Any CPU
		{15AEF2F5-D914-45BE-9DB5-71221227D065}.Release|Any CPU.Build.0 = Release|Any CPU
		{24DBCE97-22DF-44AF-AC83-6947F09D363B}.Debug|Any CPU.ActiveCfg = Debug|Any CPU
		{24DBCE97-22DF-44AF-AC83-6947F09D363B}.Debug|Any CPU.Build.0 = Debug|Any CPU
		{24DBCE97-22DF-44AF-AC83-6947F09D363B}.Release|Any CPU.ActiveCfg = Release|Any CPU
		{24DBCE97-22DF-44AF-AC83-6947F09D363B}.Release|Any CPU.Build.0 = Release|Any CPU
		{A5BFD84D-3D5F-4A4C-907A-231FE9281DB8}.Debug|Any CPU.ActiveCfg = Debug|Any CPU
		{A5BFD84D-3D5F-4A4C-907A-231FE9281DB8}.Debug|Any CPU.Build.0 = Debug|Any CPU
		{A5BFD84D-3D5F-4A4C-907A-231FE9281DB8}.Release|Any CPU.ActiveCfg = Release|Any CPU
		{A5BFD84D-3D5F-4A4C-907A-231FE9281DB8}.Release|Any CPU.Build.0 = Release|Any CPU
		{9A22DE1E-FAE7-413C-87D8-CA4FB0D9F4C6}.Debug|Any CPU.ActiveCfg = Debug|Any CPU
		{9A22DE1E-FAE7-413C-87D8-CA4FB0D9F4C6}.Debug|Any CPU.Build.0 = Debug|Any CPU
		{9A22DE1E-FAE7-413C-87D8-CA4FB0D9F4C6}.Release|Any CPU.ActiveCfg = Release|Any CPU
		{9A22DE1E-FAE7-413C-87D8-CA4FB0D9F4C6}.Release|Any CPU.Build.0 = Release|Any CPU
		{A0DE8466-05AB-416A-A715-C436E48F0A4F}.Debug|Any CPU.ActiveCfg = Debug|Any CPU
		{A0DE8466-05AB-416A-A715-C436E48F0A4F}.Debug|Any CPU.Build.0 = Debug|Any CPU
		{A0DE8466-05AB-416A-A715-C436E48F0A4F}.Release|Any CPU.ActiveCfg = Release|Any CPU
		{A0DE8466-05AB-416A-A715-C436E48F0A4F}.Release|Any CPU.Build.0 = Release|Any CPU
		{253D6FD0-8D88-4997-83BE-29F4724C49F0}.Debug|Any CPU.ActiveCfg = Debug|Any CPU
		{253D6FD0-8D88-4997-83BE-29F4724C49F0}.Debug|Any CPU.Build.0 = Debug|Any CPU
		{253D6FD0-8D88-4997-83BE-29F4724C49F0}.Release|Any CPU.ActiveCfg = Release|Any CPU
		{253D6FD0-8D88-4997-83BE-29F4724C49F0}.Release|Any CPU.Build.0 = Release|Any CPU
		{5B750BE4-F6AB-4169-A735-C70A296B507C}.Debug|Any CPU.ActiveCfg = Debug|Any CPU
		{5B750BE4-F6AB-4169-A735-C70A296B507C}.Debug|Any CPU.Build.0 = Debug|Any CPU
		{5B750BE4-F6AB-4169-A735-C70A296B507C}.Release|Any CPU.ActiveCfg = Release|Any CPU
		{5B750BE4-F6AB-4169-A735-C70A296B507C}.Release|Any CPU.Build.0 = Release|Any CPU
		{1C12C28A-CDB5-4274-B9AC-EF27F0A5D7A9}.Debug|Any CPU.ActiveCfg = Debug|Any CPU
		{1C12C28A-CDB5-4274-B9AC-EF27F0A5D7A9}.Debug|Any CPU.Build.0 = Debug|Any CPU
		{1C12C28A-CDB5-4274-B9AC-EF27F0A5D7A9}.Release|Any CPU.ActiveCfg = Release|Any CPU
		{1C12C28A-CDB5-4274-B9AC-EF27F0A5D7A9}.Release|Any CPU.Build.0 = Release|Any CPU
		{0514A9CD-8392-4DF9-8CF0-5A5E20DF17A1}.Debug|Any CPU.ActiveCfg = Debug|Any CPU
		{0514A9CD-8392-4DF9-8CF0-5A5E20DF17A1}.Debug|Any CPU.Build.0 = Debug|Any CPU
		{0514A9CD-8392-4DF9-8CF0-5A5E20DF17A1}.Release|Any CPU.ActiveCfg = Release|Any CPU
		{0514A9CD-8392-4DF9-8CF0-5A5E20DF17A1}.Release|Any CPU.Build.0 = Release|Any CPU
		{26A1A7AB-99A9-4D29-91A2-E0169DEF75EB}.Debug|Any CPU.ActiveCfg = Debug|Any CPU
		{26A1A7AB-99A9-4D29-91A2-E0169DEF75EB}.Debug|Any CPU.Build.0 = Debug|Any CPU
		{26A1A7AB-99A9-4D29-91A2-E0169DEF75EB}.Release|Any CPU.ActiveCfg = Release|Any CPU
		{26A1A7AB-99A9-4D29-91A2-E0169DEF75EB}.Release|Any CPU.Build.0 = Release|Any CPU
		{198F3FE3-CB75-486A-9CD7-972F0C99CD76}.Debug|Any CPU.ActiveCfg = Debug|Any CPU
		{198F3FE3-CB75-486A-9CD7-972F0C99CD76}.Debug|Any CPU.Build.0 = Debug|Any CPU
		{198F3FE3-CB75-486A-9CD7-972F0C99CD76}.Release|Any CPU.ActiveCfg = Release|Any CPU
		{198F3FE3-CB75-486A-9CD7-972F0C99CD76}.Release|Any CPU.Build.0 = Release|Any CPU
		{83AA75C2-08E5-45F3-B698-B2DC646DB218}.Debug|Any CPU.ActiveCfg = Debug|Any CPU
		{83AA75C2-08E5-45F3-B698-B2DC646DB218}.Debug|Any CPU.Build.0 = Debug|Any CPU
		{83AA75C2-08E5-45F3-B698-B2DC646DB218}.Release|Any CPU.ActiveCfg = Release|Any CPU
		{83AA75C2-08E5-45F3-B698-B2DC646DB218}.Release|Any CPU.Build.0 = Release|Any CPU
	EndGlobalSection
	GlobalSection(SolutionProperties) = preSolution
		HideSolutionNode = FALSE
	EndGlobalSection
	GlobalSection(NestedProjects) = preSolution
		{0200003B-CAB1-4481-B633-B020CAD42805} = {AEFA7347-E7BC-4E1E-B293-B7678A71B67D}
		{DCCA0FA6-3330-4587-8446-A7BDCEEDD67F} = {AEFA7347-E7BC-4E1E-B293-B7678A71B67D}
		{B77D7D8D-878D-4E56-87FF-30C5B5759B08} = {5B443552-A304-48A3-B718-EA7D66492582}
		{72557696-0FAA-44A2-AB99-5EE81760FF4C} = {5B443552-A304-48A3-B718-EA7D66492582}
		{15AEF2F5-D914-45BE-9DB5-71221227D065} = {BA6245BE-DC7A-407E-BC04-419E1A78DA92}
		{24DBCE97-22DF-44AF-AC83-6947F09D363B} = {AEFA7347-E7BC-4E1E-B293-B7678A71B67D}
		{A5BFD84D-3D5F-4A4C-907A-231FE9281DB8} = {AEFA7347-E7BC-4E1E-B293-B7678A71B67D}
		{9A22DE1E-FAE7-413C-87D8-CA4FB0D9F4C6} = {AEFA7347-E7BC-4E1E-B293-B7678A71B67D}
		{A0DE8466-05AB-416A-A715-C436E48F0A4F} = {AEFA7347-E7BC-4E1E-B293-B7678A71B67D}
		{253D6FD0-8D88-4997-83BE-29F4724C49F0} = {BA6245BE-DC7A-407E-BC04-419E1A78DA92}
		{5B750BE4-F6AB-4169-A735-C70A296B507C} = {BA6245BE-DC7A-407E-BC04-419E1A78DA92}
		{1C12C28A-CDB5-4274-B9AC-EF27F0A5D7A9} = {5B443552-A304-48A3-B718-EA7D66492582}
		{0514A9CD-8392-4DF9-8CF0-5A5E20DF17A1} = {5B443552-A304-48A3-B718-EA7D66492582}
		{26A1A7AB-99A9-4D29-91A2-E0169DEF75EB} = {5B443552-A304-48A3-B718-EA7D66492582}
		{198F3FE3-CB75-486A-9CD7-972F0C99CD76} = {5B443552-A304-48A3-B718-EA7D66492582}
		{83AA75C2-08E5-45F3-B698-B2DC646DB218} = {BA6245BE-DC7A-407E-BC04-419E1A78DA92}
	EndGlobalSection
EndGlobal
